
Microsoft Visual Studio Solution File, Format Version 11.00
# Visual Studio 2010
Project("{8BC9CEB8-8B4A-11D0-8D11-00A0C91BC942}") = "VStudioTest1_Canny", "VStudioTest1_Canny\VStudioTest1_Canny.vcxproj", "{E23D0351-D49A-4243-BBD9-061BC7D411AB}"
EndProject
Project("{8BC9CEB8-8B4A-11D0-8D11-00A0C91BC942}") = "VStudioTest1_Basics", "VStudioTest1_Basics\VStudioTest1_Basics.vcxproj", "{647882CA-F5FD-42C6-AC56-62EEEDE20CDF}"
EndProject
Project("{8BC9CEB8-8B4A-11D0-8D11-00A0C91BC942}") = "ImgProcCoreDemo1", "ImgProcCoreDemo1\ImgProcCoreDemo1.vcxproj", "{A5C7EEDB-3CEE-4A8F-991A-485180BBFF9C}"
EndProject
Project("{8BC9CEB8-8B4A-11D0-8D11-00A0C91BC942}") = "libImageProcessingCore", "..\libImageProcessingCore\libImageProcessingCore.vcxproj", "{17562A75-D514-4B23-AFCE-AF4B7C0542BF}"
EndProject
Project("{8BC9CEB8-8B4A-11D0-8D11-00A0C91BC942}") = "StereoCircleLocator1", "StereoCircleLocator1\StereoCircleLocator1.vcxproj", "{7E68BC84-3CFB-4E94-884A-D5D5463388C5}"
EndProject
Global
	GlobalSection(SolutionConfigurationPlatforms) = preSolution
		Debug|Win32 = Debug|Win32
		Release|Win32 = Release|Win32
	EndGlobalSection
	GlobalSection(ProjectConfigurationPlatforms) = postSolution
		{E23D0351-D49A-4243-BBD9-061BC7D411AB}.Debug|Win32.ActiveCfg = Debug|Win32
		{E23D0351-D49A-4243-BBD9-061BC7D411AB}.Debug|Win32.Build.0 = Debug|Win32
		{E23D0351-D49A-4243-BBD9-061BC7D411AB}.Release|Win32.ActiveCfg = Release|Win32
		{E23D0351-D49A-4243-BBD9-061BC7D411AB}.Release|Win32.Build.0 = Release|Win32
		{647882CA-F5FD-42C6-AC56-62EEEDE20CDF}.Debug|Win32.ActiveCfg = Debug|Win32
		{647882CA-F5FD-42C6-AC56-62EEEDE20CDF}.Debug|Win32.Build.0 = Debug|Win32
		{647882CA-F5FD-42C6-AC56-62EEEDE20CDF}.Release|Win32.ActiveCfg = Release|Win32
		{647882CA-F5FD-42C6-AC56-62EEEDE20CDF}.Release|Win32.Build.0 = Release|Win32
		{A5C7EEDB-3CEE-4A8F-991A-485180BBFF9C}.Debug|Win32.ActiveCfg = Debug|Win32
		{A5C7EEDB-3CEE-4A8F-991A-485180BBFF9C}.Debug|Win32.Build.0 = Debug|Win32
		{A5C7EEDB-3CEE-4A8F-991A-485180BBFF9C}.Release|Win32.ActiveCfg = Release|Win32
		{A5C7EEDB-3CEE-4A8F-991A-485180BBFF9C}.Release|Win32.Build.0 = Release|Win32
		{17562A75-D514-4B23-AFCE-AF4B7C0542BF}.Debug|Win32.ActiveCfg = Debug|Win32
		{17562A75-D514-4B23-AFCE-AF4B7C0542BF}.Debug|Win32.Build.0 = Debug|Win32
		{17562A75-D514-4B23-AFCE-AF4B7C0542BF}.Release|Win32.ActiveCfg = Release|Win32
		{17562A75-D514-4B23-AFCE-AF4B7C0542BF}.Release|Win32.Build.0 = Release|Win32
		{7E68BC84-3CFB-4E94-884A-D5D5463388C5}.Debug|Win32.ActiveCfg = Debug|Win32
		{7E68BC84-3CFB-4E94-884A-D5D5463388C5}.Debug|Win32.Build.0 = Debug|Win32
		{7E68BC84-3CFB-4E94-884A-D5D5463388C5}.Release|Win32.ActiveCfg = Release|Win32
		{7E68BC84-3CFB-4E94-884A-D5D5463388C5}.Release|Win32.Build.0 = Release|Win32
	EndGlobalSection
	GlobalSection(SolutionProperties) = preSolution
		HideSolutionNode = FALSE
	EndGlobalSection
EndGlobal
