
Microsoft Visual Studio Solution File, Format Version 11.00
# Visual Studio 2010
Project("{8BC9CEB8-8B4A-11D0-8D11-00A0C91BC942}") = "VStudioTest1_Canny", "VStudioTest1_Canny\VStudioTest1_Canny.vcxproj", "{E23D0351-D49A-4243-BBD9-061BC7D411AB}"
EndProject
Project("{8BC9CEB8-8B4A-11D0-8D11-00A0C91BC942}") = "VStudioTest1_Basics", "VStudioTest1_Basics\VStudioTest1_Basics.vcxproj", "{647882CA-F5FD-42C6-AC56-62EEEDE20CDF}"
EndProject
Project("{8BC9CEB8-8B4A-11D0-8D11-00A0C91BC942}") = "ImgProcCoreDemo1", "ImgProcCoreDemo1\ImgProcCoreDemo1.vcxproj", "{A5C7EEDB-3CEE-4A8F-991A-485180BBFF9C}"
EndProject
Project("{8BC9CEB8-8B4A-11D0-8D11-00A0C91BC942}") = "StereoCircleLocator1", "StereoCircleLocator1\StereoCircleLocator1.vcxproj", "{7E68BC84-3CFB-4E94-884A-D5D5463388C5}"
EndProject
Project("{8BC9CEB8-8B4A-11D0-8D11-00A0C91BC942}") = "libMiscTimeAndConfig", "libMiscTimeAndConfig\libMiscTimeAndConfig.vcxproj", "{FE3097B6-9FDD-4CB5-B42F-BB5DDC61DF7C}"
EndProject
Project("{8BC9CEB8-8B4A-11D0-8D11-00A0C91BC942}") = "libTwoColorCircleMarker", "libTwoColorCircleMarker\libTwoColorCircleMarker.vcxproj", "{5E2BAF4F-7A41-42BD-AF52-6EB68AC460DA}"
EndProject
Project("{2150E333-8FDC-42A3-9474-1A3956D46DE8}") = "Solution Items", "Solution Items", "{12B52AE9-8F07-44E4-A955-AB4259E12ED1}"
EndProject
Project("{8BC9CEB8-8B4A-11D0-8D11-00A0C91BC942}") = "libVideoInput", "libVideoInput\libVideoInput.vcxproj", "{E6C7A817-28FF-428F-ABFA-2C94AFAAFB7C}"
EndProject
Project("{8BC9CEB8-8B4A-11D0-8D11-00A0C91BC942}") = "TestLibVideoInput", "TestLibVideoInput\TestLibVideoInput.vcxproj", "{6F56DB59-FF05-4D01-AFCF-BD3F255ED39A}"
EndProject
Project("{8BC9CEB8-8B4A-11D0-8D11-00A0C91BC942}") = "lib3dWorld", "lib3dWorld\lib3dWorld.vcxproj", "{1F7D24F4-1D6C-4248-8756-CA9BCE109275}"
EndProject
Project("{8BC9CEB8-8B4A-11D0-8D11-00A0C91BC942}") = "TestLib3dWorld", "TestLib3dWorld\TestLib3dWorld.vcxproj", "{2754DFC6-BC92-432F-A8BD-6337FCD34AF1}"
EndProject
Project("{8BC9CEB8-8B4A-11D0-8D11-00A0C91BC942}") = "M1", "M1\M1.vcxproj", "{B166300B-490D-4649-A438-9350F72C990E}"
EndProject
Global
	GlobalSection(SolutionConfigurationPlatforms) = preSolution
		Debug|Win32 = Debug|Win32
		Release|Win32 = Release|Win32
	EndGlobalSection
	GlobalSection(ProjectConfigurationPlatforms) = postSolution
		{E23D0351-D49A-4243-BBD9-061BC7D411AB}.Debug|Win32.ActiveCfg = Debug|Win32
		{E23D0351-D49A-4243-BBD9-061BC7D411AB}.Debug|Win32.Build.0 = Debug|Win32
		{E23D0351-D49A-4243-BBD9-061BC7D411AB}.Release|Win32.ActiveCfg = Release|Win32
		{E23D0351-D49A-4243-BBD9-061BC7D411AB}.Release|Win32.Build.0 = Release|Win32
		{647882CA-F5FD-42C6-AC56-62EEEDE20CDF}.Debug|Win32.ActiveCfg = Debug|Win32
		{647882CA-F5FD-42C6-AC56-62EEEDE20CDF}.Debug|Win32.Build.0 = Debug|Win32
		{647882CA-F5FD-42C6-AC56-62EEEDE20CDF}.Release|Win32.ActiveCfg = Release|Win32
		{647882CA-F5FD-42C6-AC56-62EEEDE20CDF}.Release|Win32.Build.0 = Release|Win32
		{A5C7EEDB-3CEE-4A8F-991A-485180BBFF9C}.Debug|Win32.ActiveCfg = Debug|Win32
		{A5C7EEDB-3CEE-4A8F-991A-485180BBFF9C}.Debug|Win32.Build.0 = Debug|Win32
		{A5C7EEDB-3CEE-4A8F-991A-485180BBFF9C}.Release|Win32.ActiveCfg = Release|Win32
		{A5C7EEDB-3CEE-4A8F-991A-485180BBFF9C}.Release|Win32.Build.0 = Release|Win32
		{7E68BC84-3CFB-4E94-884A-D5D5463388C5}.Debug|Win32.ActiveCfg = Debug|Win32
		{7E68BC84-3CFB-4E94-884A-D5D5463388C5}.Debug|Win32.Build.0 = Debug|Win32
		{7E68BC84-3CFB-4E94-884A-D5D5463388C5}.Release|Win32.ActiveCfg = Release|Win32
		{7E68BC84-3CFB-4E94-884A-D5D5463388C5}.Release|Win32.Build.0 = Release|Win32
		{FE3097B6-9FDD-4CB5-B42F-BB5DDC61DF7C}.Debug|Win32.ActiveCfg = Debug|Win32
		{FE3097B6-9FDD-4CB5-B42F-BB5DDC61DF7C}.Debug|Win32.Build.0 = Debug|Win32
		{FE3097B6-9FDD-4CB5-B42F-BB5DDC61DF7C}.Release|Win32.ActiveCfg = Release|Win32
		{FE3097B6-9FDD-4CB5-B42F-BB5DDC61DF7C}.Release|Win32.Build.0 = Release|Win32
		{5E2BAF4F-7A41-42BD-AF52-6EB68AC460DA}.Debug|Win32.ActiveCfg = Debug|Win32
		{5E2BAF4F-7A41-42BD-AF52-6EB68AC460DA}.Debug|Win32.Build.0 = Debug|Win32
		{5E2BAF4F-7A41-42BD-AF52-6EB68AC460DA}.Release|Win32.ActiveCfg = Release|Win32
		{5E2BAF4F-7A41-42BD-AF52-6EB68AC460DA}.Release|Win32.Build.0 = Release|Win32
		{E6C7A817-28FF-428F-ABFA-2C94AFAAFB7C}.Debug|Win32.ActiveCfg = Debug|Win32
		{E6C7A817-28FF-428F-ABFA-2C94AFAAFB7C}.Debug|Win32.Build.0 = Debug|Win32
		{E6C7A817-28FF-428F-ABFA-2C94AFAAFB7C}.Release|Win32.ActiveCfg = Release|Win32
		{E6C7A817-28FF-428F-ABFA-2C94AFAAFB7C}.Release|Win32.Build.0 = Release|Win32
		{6F56DB59-FF05-4D01-AFCF-BD3F255ED39A}.Debug|Win32.ActiveCfg = Debug|Win32
		{6F56DB59-FF05-4D01-AFCF-BD3F255ED39A}.Debug|Win32.Build.0 = Debug|Win32
		{6F56DB59-FF05-4D01-AFCF-BD3F255ED39A}.Release|Win32.ActiveCfg = Release|Win32
		{6F56DB59-FF05-4D01-AFCF-BD3F255ED39A}.Release|Win32.Build.0 = Release|Win32
		{1F7D24F4-1D6C-4248-8756-CA9BCE109275}.Debug|Win32.ActiveCfg = Debug|Win32
		{1F7D24F4-1D6C-4248-8756-CA9BCE109275}.Debug|Win32.Build.0 = Debug|Win32
		{1F7D24F4-1D6C-4248-8756-CA9BCE109275}.Release|Win32.ActiveCfg = Release|Win32
		{1F7D24F4-1D6C-4248-8756-CA9BCE109275}.Release|Win32.Build.0 = Release|Win32
		{2754DFC6-BC92-432F-A8BD-6337FCD34AF1}.Debug|Win32.ActiveCfg = Debug|Win32
		{2754DFC6-BC92-432F-A8BD-6337FCD34AF1}.Debug|Win32.Build.0 = Debug|Win32
		{2754DFC6-BC92-432F-A8BD-6337FCD34AF1}.Release|Win32.ActiveCfg = Release|Win32
		{2754DFC6-BC92-432F-A8BD-6337FCD34AF1}.Release|Win32.Build.0 = Release|Win32
		{B166300B-490D-4649-A438-9350F72C990E}.Debug|Win32.ActiveCfg = Debug|Win32
		{B166300B-490D-4649-A438-9350F72C990E}.Debug|Win32.Build.0 = Debug|Win32
		{B166300B-490D-4649-A438-9350F72C990E}.Release|Win32.ActiveCfg = Release|Win32
		{B166300B-490D-4649-A438-9350F72C990E}.Release|Win32.Build.0 = Release|Win32
	EndGlobalSection
	GlobalSection(SolutionProperties) = preSolution
		HideSolutionNode = FALSE
	EndGlobalSection
EndGlobal
