
Microsoft Visual Studio Solution File, Format Version 11.00
# Visual Studio 2010
Project("{8BC9CEB8-8B4A-11D0-8D11-00A0C91BC942}") = "CpVideoPart", "CpVideoPart\CpVideoPart.vcxproj", "{463B4C27-1658-4B5E-82CD-D421961C2CCD}"
EndProject
Project("{8BC9CEB8-8B4A-11D0-8D11-00A0C91BC942}") = "FrameFinder", "FrameFinder\FrameFinder.vcxproj", "{29F509FB-C132-45CE-A13D-B87F69C4229B}"
EndProject
Global
	GlobalSection(SolutionConfigurationPlatforms) = preSolution
		Debug|Win32 = Debug|Win32
		Release|Win32 = Release|Win32
	EndGlobalSection
	GlobalSection(ProjectConfigurationPlatforms) = postSolution
		{463B4C27-1658-4B5E-82CD-D421961C2CCD}.Debug|Win32.ActiveCfg = Debug|Win32
		{463B4C27-1658-4B5E-82CD-D421961C2CCD}.Debug|Win32.Build.0 = Debug|Win32
		{463B4C27-1658-4B5E-82CD-D421961C2CCD}.Release|Win32.ActiveCfg = Release|Win32
		{463B4C27-1658-4B5E-82CD-D421961C2CCD}.Release|Win32.Build.0 = Release|Win32
		{29F509FB-C132-45CE-A13D-B87F69C4229B}.Debug|Win32.ActiveCfg = Debug|Win32
		{29F509FB-C132-45CE-A13D-B87F69C4229B}.Debug|Win32.Build.0 = Debug|Win32
		{29F509FB-C132-45CE-A13D-B87F69C4229B}.Release|Win32.ActiveCfg = Release|Win32
		{29F509FB-C132-45CE-A13D-B87F69C4229B}.Release|Win32.Build.0 = Release|Win32
	EndGlobalSection
	GlobalSection(SolutionProperties) = preSolution
		HideSolutionNode = FALSE
	EndGlobalSection
EndGlobal
